
Microsoft Visual Studio Solution File, Format Version 12.00
# Visual Studio 2012
Project("{FAE04EC0-301F-11D3-BF4B-00C04F79EFBC}") = "XmlUtilities", "XmlUtilities\XmlUtilities.csproj", "{719EA6BE-4D8C-4685-9D48-79977CC3A5B7}"
EndProject
Project("{FAE04EC0-301F-11D3-BF4B-00C04F79EFBC}") = "XmlUtilitiesTests", "XmlUtilitiesTests\XmlUtilitiesTests.csproj", "{3AADF517-7DE3-48F6-9109-016107D05E8F}"
EndProject
Project("{FAE04EC0-301F-11D3-BF4B-00C04F79EFBC}") = "TypeUtilities", "TypeUtilities\TypeUtilities.csproj", "{E4E13A43-64DE-4E41-8815-70CEFC4BDDDF}"
EndProject
Project("{FAE04EC0-301F-11D3-BF4B-00C04F79EFBC}") = "CommonUtilitiesTestHelper", "CommonUtilitiesTestHelper\CommonUtilitiesTestHelper.csproj", "{16359436-A190-438C-99DE-1E4B4D941ADF}"
EndProject
Project("{FAE04EC0-301F-11D3-BF4B-00C04F79EFBC}") = "TypeUtilitiesTests", "TypeUtilitiesTests\TypeUtilitiesTests.csproj", "{C681C39D-864F-495E-A4DE-63B0AB6BFE80}"
EndProject
Project("{FAE04EC0-301F-11D3-BF4B-00C04F79EFBC}") = "DomainUtilities", "DomainUtilities\DomainUtilities.csproj", "{90C100FB-C890-4783-9AF1-7D222C5A8147}"
EndProject
Project("{FAE04EC0-301F-11D3-BF4B-00C04F79EFBC}") = "DomainUtilitiesTests", "DomainUtilitiesTests\DomainUtilitiesTests.csproj", "{02AE5A14-0E22-49F8-942B-90DC56D5EE6E}"
EndProject
Project("{FAE04EC0-301F-11D3-BF4B-00C04F79EFBC}") = "DataObjectsWrapper", "DataObjectsWrapper\DataObjectsWrapper.csproj", "{5D7C60E2-5DC7-4237-93A6-A7BC47743440}"
EndProject
Project("{FAE04EC0-301F-11D3-BF4B-00C04F79EFBC}") = "Patterns", "Patterns\Patterns.csproj", "{3CB43A07-B4D6-4138-AFF5-D520A5A8EA67}"
EndProject
Project("{2150E333-8FDC-42A3-9474-1A3956D46DE8}") = "UnitTests", "UnitTests", "{87ABED6B-A3C8-42F4-8945-4DFAE92F127F}"
EndProject
Project("{00D1A9C2-B5F0-4AF3-8072-F6C62B433612}") = "SQLUtilities", "SQLUtilities\SQLUtilities.sqlproj", "{735567E9-B1AE-4C06-AB2B-B0AF92D07375}"
EndProject
Project("{FAE04EC0-301F-11D3-BF4B-00C04F79EFBC}") = "WcfIntegrationPattern", "WcfIntegrationPattern\WcfIntegrationPattern.csproj", "{5A3413A7-9211-48B2-8061-05B538828C15}"
EndProject
Project("{FAE04EC0-301F-11D3-BF4B-00C04F79EFBC}") = "WcfWsSecurityAuthentication", "WcfWsSecurityAuthentication\WcfWsSecurityAuthentication.csproj", "{2F139BBD-1849-4249-80B2-2E10F0938D24}"
EndProject
Project("{2150E333-8FDC-42A3-9474-1A3956D46DE8}") = "IntegrationTests", "IntegrationTests", "{ECEBA6BA-9316-4C93-9694-77F62E190D4C}"
EndProject
Project("{FAE04EC0-301F-11D3-BF4B-00C04F79EFBC}") = "DataObjectsWrapperTests", "DataObjectsWrapperTests\DataObjectsWrapperTests.csproj", "{CE5581AC-6FA6-436B-B93B-BD69C345CAFC}"
EndProject
Project("{FAE04EC0-301F-11D3-BF4B-00C04F79EFBC}") = "DataObjectsWrapperTestHelper", "DataObjectsWrapperTestHelper\DataObjectsWrapperTestHelper.csproj", "{41816889-5DE9-45EC-A76F-589B3DCD4EF5}"
EndProject
Global
	GlobalSection(SolutionConfigurationPlatforms) = preSolution
		Debug|Any CPU = Debug|Any CPU
		Release|Any CPU = Release|Any CPU
	EndGlobalSection
	GlobalSection(ProjectConfigurationPlatforms) = postSolution
		{719EA6BE-4D8C-4685-9D48-79977CC3A5B7}.Debug|Any CPU.ActiveCfg = Debug|Any CPU
		{719EA6BE-4D8C-4685-9D48-79977CC3A5B7}.Debug|Any CPU.Build.0 = Debug|Any CPU
		{719EA6BE-4D8C-4685-9D48-79977CC3A5B7}.Release|Any CPU.ActiveCfg = Release|Any CPU
		{719EA6BE-4D8C-4685-9D48-79977CC3A5B7}.Release|Any CPU.Build.0 = Release|Any CPU
		{3AADF517-7DE3-48F6-9109-016107D05E8F}.Debug|Any CPU.ActiveCfg = Debug|Any CPU
		{3AADF517-7DE3-48F6-9109-016107D05E8F}.Debug|Any CPU.Build.0 = Debug|Any CPU
		{3AADF517-7DE3-48F6-9109-016107D05E8F}.Release|Any CPU.ActiveCfg = Release|Any CPU
		{3AADF517-7DE3-48F6-9109-016107D05E8F}.Release|Any CPU.Build.0 = Release|Any CPU
		{E4E13A43-64DE-4E41-8815-70CEFC4BDDDF}.Debug|Any CPU.ActiveCfg = Debug|Any CPU
		{E4E13A43-64DE-4E41-8815-70CEFC4BDDDF}.Debug|Any CPU.Build.0 = Debug|Any CPU
		{E4E13A43-64DE-4E41-8815-70CEFC4BDDDF}.Release|Any CPU.ActiveCfg = Release|Any CPU
		{E4E13A43-64DE-4E41-8815-70CEFC4BDDDF}.Release|Any CPU.Build.0 = Release|Any CPU
		{16359436-A190-438C-99DE-1E4B4D941ADF}.Debug|Any CPU.ActiveCfg = Debug|Any CPU
		{16359436-A190-438C-99DE-1E4B4D941ADF}.Debug|Any CPU.Build.0 = Debug|Any CPU
		{16359436-A190-438C-99DE-1E4B4D941ADF}.Release|Any CPU.ActiveCfg = Release|Any CPU
		{16359436-A190-438C-99DE-1E4B4D941ADF}.Release|Any CPU.Build.0 = Release|Any CPU
		{C681C39D-864F-495E-A4DE-63B0AB6BFE80}.Debug|Any CPU.ActiveCfg = Debug|Any CPU
		{C681C39D-864F-495E-A4DE-63B0AB6BFE80}.Debug|Any CPU.Build.0 = Debug|Any CPU
		{C681C39D-864F-495E-A4DE-63B0AB6BFE80}.Release|Any CPU.ActiveCfg = Release|Any CPU
		{C681C39D-864F-495E-A4DE-63B0AB6BFE80}.Release|Any CPU.Build.0 = Release|Any CPU
		{90C100FB-C890-4783-9AF1-7D222C5A8147}.Debug|Any CPU.ActiveCfg = Debug|Any CPU
		{90C100FB-C890-4783-9AF1-7D222C5A8147}.Debug|Any CPU.Build.0 = Debug|Any CPU
		{90C100FB-C890-4783-9AF1-7D222C5A8147}.Release|Any CPU.ActiveCfg = Release|Any CPU
		{90C100FB-C890-4783-9AF1-7D222C5A8147}.Release|Any CPU.Build.0 = Release|Any CPU
		{02AE5A14-0E22-49F8-942B-90DC56D5EE6E}.Debug|Any CPU.ActiveCfg = Debug|Any CPU
		{02AE5A14-0E22-49F8-942B-90DC56D5EE6E}.Debug|Any CPU.Build.0 = Debug|Any CPU
		{02AE5A14-0E22-49F8-942B-90DC56D5EE6E}.Release|Any CPU.ActiveCfg = Release|Any CPU
		{02AE5A14-0E22-49F8-942B-90DC56D5EE6E}.Release|Any CPU.Build.0 = Release|Any CPU
		{5D7C60E2-5DC7-4237-93A6-A7BC47743440}.Debug|Any CPU.ActiveCfg = Debug|Any CPU
		{5D7C60E2-5DC7-4237-93A6-A7BC47743440}.Debug|Any CPU.Build.0 = Debug|Any CPU
		{5D7C60E2-5DC7-4237-93A6-A7BC47743440}.Release|Any CPU.ActiveCfg = Release|Any CPU
		{5D7C60E2-5DC7-4237-93A6-A7BC47743440}.Release|Any CPU.Build.0 = Release|Any CPU
		{3CB43A07-B4D6-4138-AFF5-D520A5A8EA67}.Debug|Any CPU.ActiveCfg = Debug|Any CPU
		{3CB43A07-B4D6-4138-AFF5-D520A5A8EA67}.Debug|Any CPU.Build.0 = Debug|Any CPU
		{3CB43A07-B4D6-4138-AFF5-D520A5A8EA67}.Release|Any CPU.ActiveCfg = Release|Any CPU
		{3CB43A07-B4D6-4138-AFF5-D520A5A8EA67}.Release|Any CPU.Build.0 = Release|Any CPU
		{735567E9-B1AE-4C06-AB2B-B0AF92D07375}.Debug|Any CPU.ActiveCfg = Debug|Any CPU
		{735567E9-B1AE-4C06-AB2B-B0AF92D07375}.Debug|Any CPU.Build.0 = Debug|Any CPU
		{735567E9-B1AE-4C06-AB2B-B0AF92D07375}.Debug|Any CPU.Deploy.0 = Debug|Any CPU
		{735567E9-B1AE-4C06-AB2B-B0AF92D07375}.Release|Any CPU.ActiveCfg = Release|Any CPU
		{735567E9-B1AE-4C06-AB2B-B0AF92D07375}.Release|Any CPU.Build.0 = Release|Any CPU
		{735567E9-B1AE-4C06-AB2B-B0AF92D07375}.Release|Any CPU.Deploy.0 = Release|Any CPU
		{5A3413A7-9211-48B2-8061-05B538828C15}.Debug|Any CPU.ActiveCfg = Debug|Any CPU
		{5A3413A7-9211-48B2-8061-05B538828C15}.Debug|Any CPU.Build.0 = Debug|Any CPU
		{5A3413A7-9211-48B2-8061-05B538828C15}.Release|Any CPU.ActiveCfg = Release|Any CPU
		{5A3413A7-9211-48B2-8061-05B538828C15}.Release|Any CPU.Build.0 = Release|Any CPU
		{2F139BBD-1849-4249-80B2-2E10F0938D24}.Debug|Any CPU.ActiveCfg = Debug|Any CPU
		{2F139BBD-1849-4249-80B2-2E10F0938D24}.Debug|Any CPU.Build.0 = Debug|Any CPU
		{2F139BBD-1849-4249-80B2-2E10F0938D24}.Release|Any CPU.ActiveCfg = Release|Any CPU
		{2F139BBD-1849-4249-80B2-2E10F0938D24}.Release|Any CPU.Build.0 = Release|Any CPU
		{CE5581AC-6FA6-436B-B93B-BD69C345CAFC}.Debug|Any CPU.ActiveCfg = Debug|Any CPU
		{CE5581AC-6FA6-436B-B93B-BD69C345CAFC}.Debug|Any CPU.Build.0 = Debug|Any CPU
		{CE5581AC-6FA6-436B-B93B-BD69C345CAFC}.Release|Any CPU.ActiveCfg = Release|Any CPU
		{CE5581AC-6FA6-436B-B93B-BD69C345CAFC}.Release|Any CPU.Build.0 = Release|Any CPU
		{41816889-5DE9-45EC-A76F-589B3DCD4EF5}.Debug|Any CPU.ActiveCfg = Debug|Any CPU
		{41816889-5DE9-45EC-A76F-589B3DCD4EF5}.Debug|Any CPU.Build.0 = Debug|Any CPU
		{41816889-5DE9-45EC-A76F-589B3DCD4EF5}.Release|Any CPU.ActiveCfg = Release|Any CPU
		{41816889-5DE9-45EC-A76F-589B3DCD4EF5}.Release|Any CPU.Build.0 = Release|Any CPU
	EndGlobalSection
	GlobalSection(SolutionProperties) = preSolution
		HideSolutionNode = FALSE
	EndGlobalSection
	GlobalSection(NestedProjects) = preSolution
		{16359436-A190-438C-99DE-1E4B4D941ADF} = {87ABED6B-A3C8-42F4-8945-4DFAE92F127F}
		{C681C39D-864F-495E-A4DE-63B0AB6BFE80} = {87ABED6B-A3C8-42F4-8945-4DFAE92F127F}
		{02AE5A14-0E22-49F8-942B-90DC56D5EE6E} = {87ABED6B-A3C8-42F4-8945-4DFAE92F127F}
		{3AADF517-7DE3-48F6-9109-016107D05E8F} = {87ABED6B-A3C8-42F4-8945-4DFAE92F127F}
		{CE5581AC-6FA6-436B-B93B-BD69C345CAFC} = {ECEBA6BA-9316-4C93-9694-77F62E190D4C}
		{41816889-5DE9-45EC-A76F-589B3DCD4EF5} = {ECEBA6BA-9316-4C93-9694-77F62E190D4C}
	EndGlobalSection
EndGlobal
